
Microsoft Visual Studio Solution File, Format Version 12.00
# Visual Studio Version 16
VisualStudioVersion = 16.0.31702.278
MinimumVisualStudioVersion = 10.0.40219.1
Project("{FAE04EC0-301F-11D3-BF4B-00C04F79EFBC}") = "KeepBudgeting", "KeepBudgeting.csproj", "{687F1367-CC1D-44F5-A962-8B04BD2D3887}"
EndProject
Global
	GlobalSection(SolutionConfigurationPlatforms) = preSolution
		Debug|Any CPU = Debug|Any CPU
		Release|Any CPU = Release|Any CPU
	EndGlobalSection
	GlobalSection(ProjectConfigurationPlatforms) = postSolution
		{687F1367-CC1D-44F5-A962-8B04BD2D3887}.Debug|Any CPU.ActiveCfg = Debug|Any CPU
		{687F1367-CC1D-44F5-A962-8B04BD2D3887}.Debug|Any CPU.Build.0 = Debug|Any CPU
		{687F1367-CC1D-44F5-A962-8B04BD2D3887}.Release|Any CPU.ActiveCfg = Release|Any CPU
		{687F1367-CC1D-44F5-A962-8B04BD2D3887}.Release|Any CPU.Build.0 = Release|Any CPU
	EndGlobalSection
	GlobalSection(SolutionProperties) = preSolution
		HideSolutionNode = FALSE
	EndGlobalSection
	GlobalSection(ExtensibilityGlobals) = postSolution
		SolutionGuid = {76487A00-02C2-4FA8-9FCC-41844286302D}
	EndGlobalSection
EndGlobal
